
Microsoft Visual Studio Solution File, Format Version 12.00
# Visual Studio Version 16
VisualStudioVersion = 16.0.31702.278
MinimumVisualStudioVersion = 10.0.40219.1
Project("{FAE04EC0-301F-11D3-BF4B-00C04F79EFBC}") = "Temperature", "Temperature\Temperature.csproj", "{B77F5A7C-57D3-4B29-8CC0-286A0176CE88}"
EndProject
Global
	GlobalSection(SolutionConfigurationPlatforms) = preSolution
		Debug|Any CPU = Debug|Any CPU
		Release|Any CPU = Release|Any CPU
	EndGlobalSection
	GlobalSection(ProjectConfigurationPlatforms) = postSolution
		{B77F5A7C-57D3-4B29-8CC0-286A0176CE88}.Debug|Any CPU.ActiveCfg = Debug|Any CPU
		{B77F5A7C-57D3-4B29-8CC0-286A0176CE88}.Debug|Any CPU.Build.0 = Debug|Any CPU
		{B77F5A7C-57D3-4B29-8CC0-286A0176CE88}.Release|Any CPU.ActiveCfg = Release|Any CPU
		{B77F5A7C-57D3-4B29-8CC0-286A0176CE88}.Release|Any CPU.Build.0 = Release|Any CPU
	EndGlobalSection
	GlobalSection(SolutionProperties) = preSolution
		HideSolutionNode = FALSE
	EndGlobalSection
	GlobalSection(ExtensibilityGlobals) = postSolution
		SolutionGuid = {A86870C9-CC09-44DA-A0BC-DA685B6B527B}
	EndGlobalSection
EndGlobal
